
Microsoft Visual Studio Solution File, Format Version 12.00
# Visual Studio Version 17
VisualStudioVersion = 17.0.31903.59
MinimumVisualStudioVersion = 10.0.40219.1
Project("{F2A71F9B-5D33-465A-A702-920D77279786}") = "TypeFighter", "src\TypeFighter\TypeFighter.fsproj", "{908BCCEB-50CE-44ED-9C1B-E699557775C0}"
EndProject
Project("{F2A71F9B-5D33-465A-A702-920D77279786}") = "TypeFighter.Tests", "src\TypeFighter.Tests\TypeFighter.Tests.fsproj", "{63D9FDF6-4312-428F-8204-AF6A83874FA2}"
EndProject
Project("{2150E333-8FDC-42A3-9474-1A3956D46DE8}") = "src", "src", "{77B7772D-7ABA-444E-BBD2-DF5E4ECDBB23}"
EndProject
Project("{F2A71F9B-5D33-465A-A702-920D77279786}") = "TypeFighter.Parser01", "src\TypeFighter.Parser01\TypeFighter.Parser01.fsproj", "{5836E462-5F44-4F10-9E2B-8055EC30AB44}"
EndProject
Project("{F2A71F9B-5D33-465A-A702-920D77279786}") = "TypeFighter.Parser01.Tests", "src\TypeFighter.Parser01.Tests\TypeFighter.Parser01.Tests.fsproj", "{33BAF8A3-F017-4C61-8AC9-D2E84ADA5DB9}"
EndProject
Project("{F2A71F9B-5D33-465A-A702-920D77279786}") = "TypeFighter.Web", "src\TypeFighter.Web\TypeFighter.Web.fsproj", "{9621EC16-AEF0-4271-80AA-0E59894A2978}"
EndProject
Project("{F2A71F9B-5D33-465A-A702-920D77279786}") = "TypeFighter.Web.Tests", "src\TypeFighter.Web.Tests\TypeFighter.Web.Tests.fsproj", "{7A51DBF2-BE0A-4F53-A367-6A8143CE0B6B}"
EndProject
Global
	GlobalSection(SolutionConfigurationPlatforms) = preSolution
		Debug|Any CPU = Debug|Any CPU
		Debug|x64 = Debug|x64
		Debug|x86 = Debug|x86
		Release|Any CPU = Release|Any CPU
		Release|x64 = Release|x64
		Release|x86 = Release|x86
	EndGlobalSection
	GlobalSection(ProjectConfigurationPlatforms) = postSolution
		{908BCCEB-50CE-44ED-9C1B-E699557775C0}.Debug|Any CPU.ActiveCfg = Debug|Any CPU
		{908BCCEB-50CE-44ED-9C1B-E699557775C0}.Debug|Any CPU.Build.0 = Debug|Any CPU
		{908BCCEB-50CE-44ED-9C1B-E699557775C0}.Debug|x64.ActiveCfg = Debug|Any CPU
		{908BCCEB-50CE-44ED-9C1B-E699557775C0}.Debug|x64.Build.0 = Debug|Any CPU
		{908BCCEB-50CE-44ED-9C1B-E699557775C0}.Debug|x86.ActiveCfg = Debug|Any CPU
		{908BCCEB-50CE-44ED-9C1B-E699557775C0}.Debug|x86.Build.0 = Debug|Any CPU
		{908BCCEB-50CE-44ED-9C1B-E699557775C0}.Release|Any CPU.ActiveCfg = Release|Any CPU
		{908BCCEB-50CE-44ED-9C1B-E699557775C0}.Release|Any CPU.Build.0 = Release|Any CPU
		{908BCCEB-50CE-44ED-9C1B-E699557775C0}.Release|x64.ActiveCfg = Release|Any CPU
		{908BCCEB-50CE-44ED-9C1B-E699557775C0}.Release|x64.Build.0 = Release|Any CPU
		{908BCCEB-50CE-44ED-9C1B-E699557775C0}.Release|x86.ActiveCfg = Release|Any CPU
		{908BCCEB-50CE-44ED-9C1B-E699557775C0}.Release|x86.Build.0 = Release|Any CPU
		{63D9FDF6-4312-428F-8204-AF6A83874FA2}.Debug|Any CPU.ActiveCfg = Debug|Any CPU
		{63D9FDF6-4312-428F-8204-AF6A83874FA2}.Debug|Any CPU.Build.0 = Debug|Any CPU
		{63D9FDF6-4312-428F-8204-AF6A83874FA2}.Debug|x64.ActiveCfg = Debug|Any CPU
		{63D9FDF6-4312-428F-8204-AF6A83874FA2}.Debug|x64.Build.0 = Debug|Any CPU
		{63D9FDF6-4312-428F-8204-AF6A83874FA2}.Debug|x86.ActiveCfg = Debug|Any CPU
		{63D9FDF6-4312-428F-8204-AF6A83874FA2}.Debug|x86.Build.0 = Debug|Any CPU
		{63D9FDF6-4312-428F-8204-AF6A83874FA2}.Release|Any CPU.ActiveCfg = Release|Any CPU
		{63D9FDF6-4312-428F-8204-AF6A83874FA2}.Release|Any CPU.Build.0 = Release|Any CPU
		{63D9FDF6-4312-428F-8204-AF6A83874FA2}.Release|x64.ActiveCfg = Release|Any CPU
		{63D9FDF6-4312-428F-8204-AF6A83874FA2}.Release|x64.Build.0 = Release|Any CPU
		{63D9FDF6-4312-428F-8204-AF6A83874FA2}.Release|x86.ActiveCfg = Release|Any CPU
		{63D9FDF6-4312-428F-8204-AF6A83874FA2}.Release|x86.Build.0 = Release|Any CPU
		{5836E462-5F44-4F10-9E2B-8055EC30AB44}.Debug|Any CPU.ActiveCfg = Debug|Any CPU
		{5836E462-5F44-4F10-9E2B-8055EC30AB44}.Debug|Any CPU.Build.0 = Debug|Any CPU
		{5836E462-5F44-4F10-9E2B-8055EC30AB44}.Debug|x64.ActiveCfg = Debug|Any CPU
		{5836E462-5F44-4F10-9E2B-8055EC30AB44}.Debug|x64.Build.0 = Debug|Any CPU
		{5836E462-5F44-4F10-9E2B-8055EC30AB44}.Debug|x86.ActiveCfg = Debug|Any CPU
		{5836E462-5F44-4F10-9E2B-8055EC30AB44}.Debug|x86.Build.0 = Debug|Any CPU
		{5836E462-5F44-4F10-9E2B-8055EC30AB44}.Release|Any CPU.ActiveCfg = Release|Any CPU
		{5836E462-5F44-4F10-9E2B-8055EC30AB44}.Release|Any CPU.Build.0 = Release|Any CPU
		{5836E462-5F44-4F10-9E2B-8055EC30AB44}.Release|x64.ActiveCfg = Release|Any CPU
		{5836E462-5F44-4F10-9E2B-8055EC30AB44}.Release|x64.Build.0 = Release|Any CPU
		{5836E462-5F44-4F10-9E2B-8055EC30AB44}.Release|x86.ActiveCfg = Release|Any CPU
		{5836E462-5F44-4F10-9E2B-8055EC30AB44}.Release|x86.Build.0 = Release|Any CPU
		{33BAF8A3-F017-4C61-8AC9-D2E84ADA5DB9}.Debug|Any CPU.ActiveCfg = Debug|Any CPU
		{33BAF8A3-F017-4C61-8AC9-D2E84ADA5DB9}.Debug|Any CPU.Build.0 = Debug|Any CPU
		{33BAF8A3-F017-4C61-8AC9-D2E84ADA5DB9}.Debug|x64.ActiveCfg = Debug|Any CPU
		{33BAF8A3-F017-4C61-8AC9-D2E84ADA5DB9}.Debug|x64.Build.0 = Debug|Any CPU
		{33BAF8A3-F017-4C61-8AC9-D2E84ADA5DB9}.Debug|x86.ActiveCfg = Debug|Any CPU
		{33BAF8A3-F017-4C61-8AC9-D2E84ADA5DB9}.Debug|x86.Build.0 = Debug|Any CPU
		{33BAF8A3-F017-4C61-8AC9-D2E84ADA5DB9}.Release|Any CPU.ActiveCfg = Release|Any CPU
		{33BAF8A3-F017-4C61-8AC9-D2E84ADA5DB9}.Release|Any CPU.Build.0 = Release|Any CPU
		{33BAF8A3-F017-4C61-8AC9-D2E84ADA5DB9}.Release|x64.ActiveCfg = Release|Any CPU
		{33BAF8A3-F017-4C61-8AC9-D2E84ADA5DB9}.Release|x64.Build.0 = Release|Any CPU
		{33BAF8A3-F017-4C61-8AC9-D2E84ADA5DB9}.Release|x86.ActiveCfg = Release|Any CPU
		{33BAF8A3-F017-4C61-8AC9-D2E84ADA5DB9}.Release|x86.Build.0 = Release|Any CPU
		{9621EC16-AEF0-4271-80AA-0E59894A2978}.Debug|Any CPU.ActiveCfg = Debug|Any CPU
		{9621EC16-AEF0-4271-80AA-0E59894A2978}.Debug|Any CPU.Build.0 = Debug|Any CPU
		{9621EC16-AEF0-4271-80AA-0E59894A2978}.Debug|x64.ActiveCfg = Debug|Any CPU
		{9621EC16-AEF0-4271-80AA-0E59894A2978}.Debug|x64.Build.0 = Debug|Any CPU
		{9621EC16-AEF0-4271-80AA-0E59894A2978}.Debug|x86.ActiveCfg = Debug|Any CPU
		{9621EC16-AEF0-4271-80AA-0E59894A2978}.Debug|x86.Build.0 = Debug|Any CPU
		{9621EC16-AEF0-4271-80AA-0E59894A2978}.Release|Any CPU.ActiveCfg = Release|Any CPU
		{9621EC16-AEF0-4271-80AA-0E59894A2978}.Release|Any CPU.Build.0 = Release|Any CPU
		{9621EC16-AEF0-4271-80AA-0E59894A2978}.Release|x64.ActiveCfg = Release|Any CPU
		{9621EC16-AEF0-4271-80AA-0E59894A2978}.Release|x64.Build.0 = Release|Any CPU
		{9621EC16-AEF0-4271-80AA-0E59894A2978}.Release|x86.ActiveCfg = Release|Any CPU
		{9621EC16-AEF0-4271-80AA-0E59894A2978}.Release|x86.Build.0 = Release|Any CPU
		{7A51DBF2-BE0A-4F53-A367-6A8143CE0B6B}.Debug|Any CPU.ActiveCfg = Debug|Any CPU
		{7A51DBF2-BE0A-4F53-A367-6A8143CE0B6B}.Debug|Any CPU.Build.0 = Debug|Any CPU
		{7A51DBF2-BE0A-4F53-A367-6A8143CE0B6B}.Debug|x64.ActiveCfg = Debug|Any CPU
		{7A51DBF2-BE0A-4F53-A367-6A8143CE0B6B}.Debug|x64.Build.0 = Debug|Any CPU
		{7A51DBF2-BE0A-4F53-A367-6A8143CE0B6B}.Debug|x86.ActiveCfg = Debug|Any CPU
		{7A51DBF2-BE0A-4F53-A367-6A8143CE0B6B}.Debug|x86.Build.0 = Debug|Any CPU
		{7A51DBF2-BE0A-4F53-A367-6A8143CE0B6B}.Release|Any CPU.ActiveCfg = Release|Any CPU
		{7A51DBF2-BE0A-4F53-A367-6A8143CE0B6B}.Release|Any CPU.Build.0 = Release|Any CPU
		{7A51DBF2-BE0A-4F53-A367-6A8143CE0B6B}.Release|x64.ActiveCfg = Release|Any CPU
		{7A51DBF2-BE0A-4F53-A367-6A8143CE0B6B}.Release|x64.Build.0 = Release|Any CPU
		{7A51DBF2-BE0A-4F53-A367-6A8143CE0B6B}.Release|x86.ActiveCfg = Release|Any CPU
		{7A51DBF2-BE0A-4F53-A367-6A8143CE0B6B}.Release|x86.Build.0 = Release|Any CPU
	EndGlobalSection
	GlobalSection(SolutionProperties) = preSolution
		HideSolutionNode = FALSE
	EndGlobalSection
	GlobalSection(NestedProjects) = preSolution
		{5836E462-5F44-4F10-9E2B-8055EC30AB44} = {77B7772D-7ABA-444E-BBD2-DF5E4ECDBB23}
		{33BAF8A3-F017-4C61-8AC9-D2E84ADA5DB9} = {77B7772D-7ABA-444E-BBD2-DF5E4ECDBB23}
		{9621EC16-AEF0-4271-80AA-0E59894A2978} = {77B7772D-7ABA-444E-BBD2-DF5E4ECDBB23}
		{7A51DBF2-BE0A-4F53-A367-6A8143CE0B6B} = {77B7772D-7ABA-444E-BBD2-DF5E4ECDBB23}
	EndGlobalSection
EndGlobal
