
Microsoft Visual Studio Solution File, Format Version 12.00
# Visual Studio Version 17
VisualStudioVersion = 17.4.33403.182
MinimumVisualStudioVersion = 10.0.40219.1
Project("{6EC3EE1D-3C4E-46DD-8F32-0CC8E7565705}") = "TypeFighter", "TypeFighter\TypeFighter.fsproj", "{EBE3EFD9-1E9F-47D0-9205-7E911FEE1822}"
EndProject
Project("{6EC3EE1D-3C4E-46DD-8F32-0CC8E7565705}") = "FSharpPlayground", "FSharpPlayground\FSharpPlayground.fsproj", "{5CCB5A47-8963-4FAB-9CC6-859F9DC967C6}"
EndProject
Project("{6EC3EE1D-3C4E-46DD-8F32-0CC8E7565705}") = "TypeFighter.Tests", "TypeFighter.Tests\TypeFighter.Tests.fsproj", "{09AB2287-D9DE-46A4-94CF-C954ADD4E81C}"
EndProject
Global
	GlobalSection(SolutionConfigurationPlatforms) = preSolution
		Debug|Any CPU = Debug|Any CPU
		Release|Any CPU = Release|Any CPU
	EndGlobalSection
	GlobalSection(ProjectConfigurationPlatforms) = postSolution
		{EBE3EFD9-1E9F-47D0-9205-7E911FEE1822}.Debug|Any CPU.ActiveCfg = Debug|Any CPU
		{EBE3EFD9-1E9F-47D0-9205-7E911FEE1822}.Debug|Any CPU.Build.0 = Debug|Any CPU
		{EBE3EFD9-1E9F-47D0-9205-7E911FEE1822}.Release|Any CPU.ActiveCfg = Release|Any CPU
		{EBE3EFD9-1E9F-47D0-9205-7E911FEE1822}.Release|Any CPU.Build.0 = Release|Any CPU
		{5CCB5A47-8963-4FAB-9CC6-859F9DC967C6}.Debug|Any CPU.ActiveCfg = Debug|Any CPU
		{5CCB5A47-8963-4FAB-9CC6-859F9DC967C6}.Debug|Any CPU.Build.0 = Debug|Any CPU
		{5CCB5A47-8963-4FAB-9CC6-859F9DC967C6}.Release|Any CPU.ActiveCfg = Release|Any CPU
		{5CCB5A47-8963-4FAB-9CC6-859F9DC967C6}.Release|Any CPU.Build.0 = Release|Any CPU
		{09AB2287-D9DE-46A4-94CF-C954ADD4E81C}.Debug|Any CPU.ActiveCfg = Debug|Any CPU
		{09AB2287-D9DE-46A4-94CF-C954ADD4E81C}.Debug|Any CPU.Build.0 = Debug|Any CPU
		{09AB2287-D9DE-46A4-94CF-C954ADD4E81C}.Release|Any CPU.ActiveCfg = Release|Any CPU
		{09AB2287-D9DE-46A4-94CF-C954ADD4E81C}.Release|Any CPU.Build.0 = Release|Any CPU
	EndGlobalSection
	GlobalSection(SolutionProperties) = preSolution
		HideSolutionNode = FALSE
	EndGlobalSection
	GlobalSection(ExtensibilityGlobals) = postSolution
		SolutionGuid = {CCC6FC97-1163-448F-9B94-9CD78FDE4E61}
	EndGlobalSection
EndGlobal
